
Microsoft Visual Studio Solution File, Format Version 12.00
# Visual Studio Version 17
VisualStudioVersion = 17.4.33205.214
MinimumVisualStudioVersion = 10.0.40219.1
Project("{FAE04EC0-301F-11D3-BF4B-00C04F79EFBC}") = "Labb 3 - Anropa databasen (School)", "Labb 3 - Anropa databasen (School)\Labb 3 - Anropa databasen (School).csproj", "{45A5AA44-CEA1-426B-B219-C5B95126B244}"
EndProject
Global
	GlobalSection(SolutionConfigurationPlatforms) = preSolution
		Debug|Any CPU = Debug|Any CPU
		Release|Any CPU = Release|Any CPU
	EndGlobalSection
	GlobalSection(ProjectConfigurationPlatforms) = postSolution
		{45A5AA44-CEA1-426B-B219-C5B95126B244}.Debug|Any CPU.ActiveCfg = Debug|Any CPU
		{45A5AA44-CEA1-426B-B219-C5B95126B244}.Debug|Any CPU.Build.0 = Debug|Any CPU
		{45A5AA44-CEA1-426B-B219-C5B95126B244}.Release|Any CPU.ActiveCfg = Release|Any CPU
		{45A5AA44-CEA1-426B-B219-C5B95126B244}.Release|Any CPU.Build.0 = Release|Any CPU
	EndGlobalSection
	GlobalSection(SolutionProperties) = preSolution
		HideSolutionNode = FALSE
	EndGlobalSection
	GlobalSection(ExtensibilityGlobals) = postSolution
		SolutionGuid = {83D44583-BE7A-4748-900D-1ABB65D8FD35}
	EndGlobalSection
EndGlobal
